{
  "nodes": {
    "flake-compat": {
      "flake": false,
      "locked": {
        "lastModified": 1767039857,
        "narHash": "sha256-vNpUSpF5Nuw8xvDLj2KCwwksIbjua2LZCqhV1LNRDns=",
        "owner": "NixOS",
        "repo": "flake-compat",
        "rev": "5edf11c44bc78a0d334f6334cdaf7d60d732daab",
        "type": "github"
      },
      "original": {
        "owner": "NixOS",
        "repo": "flake-compat",
        "type": "github"
      }
    },
    "git-hooks": {
      "inputs": {
        "flake-compat": "flake-compat",
        "nixpkgs": [
          "nixpkgs"
        ]
      },
      "locked": {
        "lastModified": 1784288435,
        "narHash": "sha256-ReRHaLgr/uVqdD8afFSn+myXIfpHeOhP0yYe0TJqAA8=",
        "rev": "43b3c1ab9d40fb1dbb008f451988a91e375825e9",
        "revCount": 1231,
        "type": "tarball",
        "url": "https://api.flakehub.com/f/pinned/cachix/git-hooks.nix/0.1.1231%2Brev-43b3c1ab9d40fb1dbb008f451988a91e375825e9/019f7135-8fdf-76f0-b1a1-d2c67e91af8d/source.tar.gz"
      },
      "original": {
        "type": "tarball",
        "url": "https://flakehub.com/f/cachix/git-hooks.nix/0.1.%2A.tar.gz"
      }
    },
    "nixpkgs": {
      "locked": {
        "lastModified": 1786106723,
        "narHash": "sha256-zDSUbpoeo/9ZmD2+wXnzxoo1+uhL8vxc0b8yuYMKYq0=",
        "rev": "f13ff45afd1bb73e640eaa08a7066dbed07e3238",
        "revCount": 1049422,
        "type": "tarball",
        "url": "https://api.flakehub.com/f/pinned/NixOS/nixpkgs/0.1.1049422%2Brev-f13ff45afd1bb73e640eaa08a7066dbed07e3238/019fe37d-02f5-75c1-a6ac-d62d08878e10/source.tar.gz"
      },
      "original": {
        "type": "tarball",
        "url": "https://flakehub.com/f/NixOS/nixpkgs/0.1.%2A.tar.gz"
      }
    },
    "nixpkgs-lib": {
      "locked": {
        "lastModified": 1785636265,
        "narHash": "sha256-trTbhoc8hhPiGVDpNGGYA4scDV/4d01iNH/cFemblEg=",
        "owner": "nix-community",
        "repo": "nixpkgs.lib",
        "rev": "77a147ce329a5800bc001a45b356fad3397ee184",
        "type": "github"
      },
      "original": {
        "owner": "nix-community",
        "repo": "nixpkgs.lib",
        "type": "github"
      }
    },
    "purr": {
      "inputs": {
        "nixpkgs-lib": "nixpkgs-lib"
      },
      "locked": {
        "lastModified": 1786139928,
        "narHash": "sha256-5r1U9l7mY8HiXhubW4M2pFmlN6c/O94Mkf26KRJXDqc=",
        "rev": "48d591b9906059f84efd90685ddf670cdd269487",
        "revCount": 104,
        "type": "tarball",
        "url": "https://api.flakehub.com/f/pinned/nixcafe/purr/0.1.104%2Brev-48d591b9906059f84efd90685ddf670cdd269487/019fde3d-3731-7e30-8bc7-414407d572c0/source.tar.gz"
      },
      "original": {
        "type": "tarball",
        "url": "https://flakehub.com/f/nixcafe/purr/0.1.%2A.tar.gz"
      }
    },
    "root": {
      "inputs": {
        "git-hooks": "git-hooks",
        "nixpkgs": "nixpkgs",
        "purr": "purr"
      }
    }
  },
  "root": "root",
  "version": 7
}
